// !$*UTF8*$!
{
	archiveVersion = 1;
	classes = {
	};
	objectVersion = 56;
	objects = {

/* Begin PBXBuildFile section */
		524754722A5B3D6900CBF5D6 /* AppDelegate.swift in Sources */ = {isa = PBXBuildFile; fileRef = 524754712A5B3D6900CBF5D6 /* AppDelegate.swift */; };
		524754742A5B3D6900CBF5D6 /* SceneDelegate.swift in Sources */ = {isa = PBXBuildFile; fileRef = 524754732A5B3D6900CBF5D6 /* SceneDelegate.swift */; };
		524754762A5B3D6900CBF5D6 /* ViewController.swift in Sources */ = {isa = PBXBuildFile; fileRef = 524754752A5B3D6900CBF5D6 /* ViewController.swift */; };
		524754792A5B3D6900CBF5D6 /* Main.storyboard in Resources */ = {isa = PBXBuildFile; fileRef = 524754772A5B3D6900CBF5D6 /* Main.storyboard */; };
		5247547B2A5B3D6B00CBF5D6 /* Assets.xcassets in Resources */ = {isa = PBXBuildFile; fileRef = 5247547A2A5B3D6B00CBF5D6 /* Assets.xcassets */; };
		5247547E2A5B3D6B00CBF5D6 /* LaunchScreen.storyboard in Resources */ = {isa = PBXBuildFile; fileRef = 5247547C2A5B3D6B00CBF5D6 /* LaunchScreen.storyboard */; };
		52AB00722A5C9AC600CCF285 /* SpoonacularApi.swift in Sources */ = {isa = PBXBuildFile; fileRef = 52AB00712A5C9AC600CCF285 /* SpoonacularApi.swift */; };
		52AB00742A5C9AE500CCF285 /* Spoonacular.swift in Sources */ = {isa = PBXBuildFile; fileRef = 52AB00732A5C9AE500CCF285 /* Spoonacular.swift */; };
		52AB00762A5C9B1F00CCF285 /* DataModel.swift in Sources */ = {isa = PBXBuildFile; fileRef = 52AB00752A5C9B1F00CCF285 /* DataModel.swift */; };
		52AB00782A5C9B5800CCF285 /* Recipe.swift in Sources */ = {isa = PBXBuildFile; fileRef = 52AB00772A5C9B5800CCF285 /* Recipe.swift */; };
		52AB007A2A5CFB8E00CCF285 /* RecipeTableViewController.swift in Sources */ = {isa = PBXBuildFile; fileRef = 52AB00792A5CFB8E00CCF285 /* RecipeTableViewController.swift */; };
		52AB007F2A5E153F00CCF285 /* RecipeStepsViewController.swift in Sources */ = {isa = PBXBuildFile; fileRef = 52AB007B2A5E153E00CCF285 /* RecipeStepsViewController.swift */; };
		52AB00802A5E153F00CCF285 /* SearchRecipeViewController.swift in Sources */ = {isa = PBXBuildFile; fileRef = 52AB007C2A5E153E00CCF285 /* SearchRecipeViewController.swift */; };
		52AB00812A5E153F00CCF285 /* SearchNutrientsViewController.swift in Sources */ = {isa = PBXBuildFile; fileRef = 52AB007D2A5E153F00CCF285 /* SearchNutrientsViewController.swift */; };
		52AB00822A5E153F00CCF285 /* NutrientsViewController.swift in Sources */ = {isa = PBXBuildFile; fileRef = 52AB007E2A5E153F00CCF285 /* NutrientsViewController.swift */; };
		52AB00842A5E49D300CCF285 /* Step.swift in Sources */ = {isa = PBXBuildFile; fileRef = 52AB00832A5E49D200CCF285 /* Step.swift */; };
		52AB00892A5E4B8700CCF285 /* Ingredients.xcdatamodeld in Sources */ = {isa = PBXBuildFile; fileRef = 52AB00852A5E4B8600CCF285 /* Ingredients.xcdatamodeld */; };
		52AB008A2A5E4B8700CCF285 /* WTFD.xcdatamodeld in Sources */ = {isa = PBXBuildFile; fileRef = 52AB00872A5E4B8600CCF285 /* WTFD.xcdatamodeld */; };
		52AB008E2A5E783700CCF285 /* RecipeStepsTableViewCell.swift in Sources */ = {isa = PBXBuildFile; fileRef = 52AB008B2A5E783700CCF285 /* RecipeStepsTableViewCell.swift */; };
		52AB008F2A5E783700CCF285 /* RecipeTableViewCell.swift in Sources */ = {isa = PBXBuildFile; fileRef = 52AB008C2A5E783700CCF285 /* RecipeTableViewCell.swift */; };
		52AB00902A5E783700CCF285 /* IngredientTableViewCell.swift in Sources */ = {isa = PBXBuildFile; fileRef = 52AB008D2A5E783700CCF285 /* IngredientTableViewCell.swift */; };
		7AA0AFCC3B2DAA885F0ACECD /* Pods_Prueba_Amaris.framework in Frameworks */ = {isa = PBXBuildFile; fileRef = CD882BA1103E1478E4B5C709 /* Pods_Prueba_Amaris.framework */; };
/* End PBXBuildFile section */

/* Begin PBXFileReference section */
		3D3055C356E1989094822D5E /* Pods-Prueba_Amaris.debug.xcconfig */ = {isa = PBXFileReference; includeInIndex = 1; lastKnownFileType = text.xcconfig; name = "Pods-Prueba_Amaris.debug.xcconfig"; path = "Target Support Files/Pods-Prueba_Amaris/Pods-Prueba_Amaris.debug.xcconfig"; sourceTree = "<group>"; };
		5247546E2A5B3D6900CBF5D6 /* Prueba_Amaris.app */ = {isa = PBXFileReference; explicitFileType = wrapper.application; includeInIndex = 0; path = Prueba_Amaris.app; sourceTree = BUILT_PRODUCTS_DIR; };
		524754712A5B3D6900CBF5D6 /* AppDelegate.swift */ = {isa = PBXFileReference; lastKnownFileType = sourcecode.swift; path = AppDelegate.swift; sourceTree = "<group>"; };
		524754732A5B3D6900CBF5D6 /* SceneDelegate.swift */ = {isa = PBXFileReference; lastKnownFileType = sourcecode.swift; path = SceneDelegate.swift; sourceTree = "<group>"; };
		524754752A5B3D6900CBF5D6 /* ViewController.swift */ = {isa = PBXFileReference; lastKnownFileType = sourcecode.swift; path = ViewController.swift; sourceTree = "<group>"; };
		524754782A5B3D6900CBF5D6 /* Base */ = {isa = PBXFileReference; lastKnownFileType = file.storyboard; name = Base; path = Base.lproj/Main.storyboard; sourceTree = "<group>"; };
		5247547A2A5B3D6B00CBF5D6 /* Assets.xcassets */ = {isa = PBXFileReference; lastKnownFileType = folder.assetcatalog; path = Assets.xcassets; sourceTree = "<group>"; };
		5247547D2A5B3D6B00CBF5D6 /* Base */ = {isa = PBXFileReference; lastKnownFileType = file.storyboard; name = Base; path = Base.lproj/LaunchScreen.storyboard; sourceTree = "<group>"; };
		5247547F2A5B3D6B00CBF5D6 /* Info.plist */ = {isa = PBXFileReference; lastKnownFileType = text.plist.xml; path = Info.plist; sourceTree = "<group>"; };
		52AB00712A5C9AC600CCF285 /* SpoonacularApi.swift */ = {isa = PBXFileReference; lastKnownFileType = sourcecode.swift; path = SpoonacularApi.swift; sourceTree = "<group>"; };
		52AB00732A5C9AE500CCF285 /* Spoonacular.swift */ = {isa = PBXFileReference; lastKnownFileType = sourcecode.swift; path = Spoonacular.swift; sourceTree = "<group>"; };
		52AB00752A5C9B1F00CCF285 /* DataModel.swift */ = {isa = PBXFileReference; lastKnownFileType = sourcecode.swift; path = DataModel.swift; sourceTree = "<group>"; };
		52AB00772A5C9B5800CCF285 /* Recipe.swift */ = {isa = PBXFileReference; lastKnownFileType = sourcecode.swift; path = Recipe.swift; sourceTree = "<group>"; };
		52AB00792A5CFB8E00CCF285 /* RecipeTableViewController.swift */ = {isa = PBXFileReference; lastKnownFileType = sourcecode.swift; path = RecipeTableViewController.swift; sourceTree = "<group>"; };
		52AB007B2A5E153E00CCF285 /* RecipeStepsViewController.swift */ = {isa = PBXFileReference; fileEncoding = 4; lastKnownFileType = sourcecode.swift; path = RecipeStepsViewController.swift; sourceTree = "<group>"; };
		52AB007C2A5E153E00CCF285 /* SearchRecipeViewController.swift */ = {isa = PBXFileReference; fileEncoding = 4; lastKnownFileType = sourcecode.swift; path = SearchRecipeViewController.swift; sourceTree = "<group>"; };
		52AB007D2A5E153F00CCF285 /* SearchNutrientsViewController.swift */ = {isa = PBXFileReference; fileEncoding = 4; lastKnownFileType = sourcecode.swift; path = SearchNutrientsViewController.swift; sourceTree = "<group>"; };
		52AB007E2A5E153F00CCF285 /* NutrientsViewController.swift */ = {isa = PBXFileReference; fileEncoding = 4; lastKnownFileType = sourcecode.swift; path = NutrientsViewController.swift; sourceTree = "<group>"; };
		52AB00832A5E49D200CCF285 /* Step.swift */ = {isa = PBXFileReference; fileEncoding = 4; lastKnownFileType = sourcecode.swift; path = Step.swift; sourceTree = "<group>"; };
		52AB00862A5E4B8600CCF285 /* Ingredients.xcdatamodel */ = {isa = PBXFileReference; lastKnownFileType = wrapper.xcdatamodel; path = Ingredients.xcdatamodel; sourceTree = "<group>"; };
		52AB00882A5E4B8600CCF285 /* WTFD.xcdatamodel */ = {isa = PBXFileReference; lastKnownFileType = wrapper.xcdatamodel; path = WTFD.xcdatamodel; sourceTree = "<group>"; };
		52AB008B2A5E783700CCF285 /* RecipeStepsTableViewCell.swift */ = {isa = PBXFileReference; fileEncoding = 4; lastKnownFileType = sourcecode.swift; path = RecipeStepsTableViewCell.swift; sourceTree = "<group>"; };
		52AB008C2A5E783700CCF285 /* RecipeTableViewCell.swift */ = {isa = PBXFileReference; fileEncoding = 4; lastKnownFileType = sourcecode.swift; path = RecipeTableViewCell.swift; sourceTree = "<group>"; };
		52AB008D2A5E783700CCF285 /* IngredientTableViewCell.swift */ = {isa = PBXFileReference; fileEncoding = 4; lastKnownFileType = sourcecode.swift; path = IngredientTableViewCell.swift; sourceTree = "<group>"; };
		CD882BA1103E1478E4B5C709 /* Pods_Prueba_Amaris.framework */ = {isa = PBXFileReference; explicitFileType = wrapper.framework; includeInIndex = 0; path = Pods_Prueba_Amaris.framework; sourceTree = BUILT_PRODUCTS_DIR; };
		EC1BECC64ABB3D45AE1C46C7 /* Pods-Prueba_Amaris.release.xcconfig */ = {isa = PBXFileReference; includeInIndex = 1; lastKnownFileType = text.xcconfig; name = "Pods-Prueba_Amaris.release.xcconfig"; path = "Target Support Files/Pods-Prueba_Amaris/Pods-Prueba_Amaris.release.xcconfig"; sourceTree = "<group>"; };
/* End PBXFileReference section */

/* Begin PBXFrameworksBuildPhase section */
		5247546B2A5B3D6900CBF5D6 /* Frameworks */ = {
			isa = PBXFrameworksBuildPhase;
			buildActionMask = 2147483647;
			files = (
				7AA0AFCC3B2DAA885F0ACECD /* Pods_Prueba_Amaris.framework in Frameworks */,
			);
			runOnlyForDeploymentPostprocessing = 0;
		};
/* End PBXFrameworksBuildPhase section */

/* Begin PBXGroup section */
		524754652A5B3D6900CBF5D6 = {
			isa = PBXGroup;
			children = (
				524754702A5B3D6900CBF5D6 /* Prueba_Amaris */,
				5247546F2A5B3D6900CBF5D6 /* Products */,
				B235794E596199C8F26C37C3 /* Pods */,
				DF4933488F2282E06E112578 /* Frameworks */,
			);
			sourceTree = "<group>";
		};
		5247546F2A5B3D6900CBF5D6 /* Products */ = {
			isa = PBXGroup;
			children = (
				5247546E2A5B3D6900CBF5D6 /* Prueba_Amaris.app */,
			);
			name = Products;
			sourceTree = "<group>";
		};
		524754702A5B3D6900CBF5D6 /* Prueba_Amaris */ = {
			isa = PBXGroup;
			children = (
				52AB006D2A5C7D4700CCF285 /* View */,
				52AB006C2A5C7D3D00CCF285 /* Controller */,
				52AB006B2A5C7D3400CCF285 /* Model */,
				524754712A5B3D6900CBF5D6 /* AppDelegate.swift */,
				524754732A5B3D6900CBF5D6 /* SceneDelegate.swift */,
				524754772A5B3D6900CBF5D6 /* Main.storyboard */,
				5247547A2A5B3D6B00CBF5D6 /* Assets.xcassets */,
				5247547C2A5B3D6B00CBF5D6 /* LaunchScreen.storyboard */,
				5247547F2A5B3D6B00CBF5D6 /* Info.plist */,
			);
			path = Prueba_Amaris;
			sourceTree = "<group>";
		};
		52AB006B2A5C7D3400CCF285 /* Model */ = {
			isa = PBXGroup;
			children = (
				52AB00852A5E4B8600CCF285 /* Ingredients.xcdatamodeld */,
				52AB00872A5E4B8600CCF285 /* WTFD.xcdatamodeld */,
				52AB00832A5E49D200CCF285 /* Step.swift */,
				52AB00702A5C9AAD00CCF285 /* Networking */,
				52AB00752A5C9B1F00CCF285 /* DataModel.swift */,
				52AB00772A5C9B5800CCF285 /* Recipe.swift */,
			);
			path = Model;
			sourceTree = "<group>";
		};
		52AB006C2A5C7D3D00CCF285 /* Controller */ = {
			isa = PBXGroup;
			children = (
				52AB007E2A5E153F00CCF285 /* NutrientsViewController.swift */,
				52AB007B2A5E153E00CCF285 /* RecipeStepsViewController.swift */,
				52AB007D2A5E153F00CCF285 /* SearchNutrientsViewController.swift */,
				52AB007C2A5E153E00CCF285 /* SearchRecipeViewController.swift */,
				524754752A5B3D6900CBF5D6 /* ViewController.swift */,
				52AB00792A5CFB8E00CCF285 /* RecipeTableViewController.swift */,
			);
			path = Controller;
			sourceTree = "<group>";
		};
		52AB006D2A5C7D4700CCF285 /* View */ = {
			isa = PBXGroup;
			children = (
				52AB008D2A5E783700CCF285 /* IngredientTableViewCell.swift */,
				52AB008B2A5E783700CCF285 /* RecipeStepsTableViewCell.swift */,
				52AB008C2A5E783700CCF285 /* RecipeTableViewCell.swift */,
			);
			path = View;
			sourceTree = "<group>";
		};
		52AB00702A5C9AAD00CCF285 /* Networking */ = {
			isa = PBXGroup;
			children = (
				52AB00712A5C9AC600CCF285 /* SpoonacularApi.swift */,
				52AB00732A5C9AE500CCF285 /* Spoonacular.swift */,
			);
			path = Networking;
			sourceTree = "<group>";
		};
		B235794E596199C8F26C37C3 /* Pods */ = {
			isa = PBXGroup;
			children = (
				3D3055C356E1989094822D5E /* Pods-Prueba_Amaris.debug.xcconfig */,
				EC1BECC64ABB3D45AE1C46C7 /* Pods-Prueba_Amaris.release.xcconfig */,
			);
			path = Pods;
			sourceTree = "<group>";
		};
		DF4933488F2282E06E112578 /* Frameworks */ = {
			isa = PBXGroup;
			children = (
				CD882BA1103E1478E4B5C709 /* Pods_Prueba_Amaris.framework */,
			);
			name = Frameworks;
			sourceTree = "<group>";
		};
/* End PBXGroup section */

/* Begin PBXNativeTarget section */
		5247546D2A5B3D6900CBF5D6 /* Prueba_Amaris */ = {
			isa = PBXNativeTarget;
			buildConfigurationList = 524754822A5B3D6B00CBF5D6 /* Build configuration list for PBXNativeTarget "Prueba_Amaris" */;
			buildPhases = (
				C58913ACFC08E71502C90129 /* [CP] Check Pods Manifest.lock */,
				5247546A2A5B3D6900CBF5D6 /* Sources */,
				5247546B2A5B3D6900CBF5D6 /* Frameworks */,
				5247546C2A5B3D6900CBF5D6 /* Resources */,
				316552987F55F1B8B42341A3 /* [CP] Embed Pods Frameworks */,
			);
			buildRules = (
			);
			dependencies = (
			);
			name = Prueba_Amaris;
			packageProductDependencies = (
			);
			productName = Prueba_Amaris;
			productReference = 5247546E2A5B3D6900CBF5D6 /* Prueba_Amaris.app */;
			productType = "com.apple.product-type.application";
		};
/* End PBXNativeTarget section */

/* Begin PBXProject section */
		524754662A5B3D6900CBF5D6 /* Project object */ = {
			isa = PBXProject;
			attributes = {
				BuildIndependentTargetsInParallel = 1;
				LastSwiftUpdateCheck = 1430;
				LastUpgradeCheck = 1430;
				TargetAttributes = {
					5247546D2A5B3D6900CBF5D6 = {
						CreatedOnToolsVersion = 14.3;
					};
				};
			};
			buildConfigurationList = 524754692A5B3D6900CBF5D6 /* Build configuration list for PBXProject "Prueba_Amaris" */;
			compatibilityVersion = "Xcode 14.0";
			developmentRegion = en;
			hasScannedForEncodings = 0;
			knownRegions = (
				en,
				Base,
			);
			mainGroup = 524754652A5B3D6900CBF5D6;
			packageReferences = (
			);
			productRefGroup = 5247546F2A5B3D6900CBF5D6 /* Products */;
			projectDirPath = "";
			projectRoot = "";
			targets = (
				5247546D2A5B3D6900CBF5D6 /* Prueba_Amaris */,
			);
		};
/* End PBXProject section */

/* Begin PBXResourcesBuildPhase section */
		5247546C2A5B3D6900CBF5D6 /* Resources */ = {
			isa = PBXResourcesBuildPhase;
			buildActionMask = 2147483647;
			files = (
				5247547E2A5B3D6B00CBF5D6 /* LaunchScreen.storyboard in Resources */,
				5247547B2A5B3D6B00CBF5D6 /* Assets.xcassets in Resources */,
				524754792A5B3D6900CBF5D6 /* Main.storyboard in Resources */,
			);
			runOnlyForDeploymentPostprocessing = 0;
		};
/* End PBXResourcesBuildPhase section */

/* Begin PBXShellScriptBuildPhase section */
		316552987F55F1B8B42341A3 /* [CP] Embed Pods Frameworks */ = {
			isa = PBXShellScriptBuildPhase;
			buildActionMask = 2147483647;
			files = (
			);
			inputFileListPaths = (
				"${PODS_ROOT}/Target Support Files/Pods-Prueba_Amaris/Pods-Prueba_Amaris-frameworks-${CONFIGURATION}-input-files.xcfilelist",
			);
			name = "[CP] Embed Pods Frameworks";
			outputFileListPaths = (
				"${PODS_ROOT}/Target Support Files/Pods-Prueba_Amaris/Pods-Prueba_Amaris-frameworks-${CONFIGURATION}-output-files.xcfilelist",
			);
			runOnlyForDeploymentPostprocessing = 0;
			shellPath = /bin/sh;
			shellScript = "\"${PODS_ROOT}/Target Support Files/Pods-Prueba_Amaris/Pods-Prueba_Amaris-frameworks.sh\"\n";
			showEnvVarsInLog = 0;
		};
		C58913ACFC08E71502C90129 /* [CP] Check Pods Manifest.lock */ = {
			isa = PBXShellScriptBuildPhase;
			buildActionMask = 2147483647;
			files = (
			);
			inputFileListPaths = (
			);
			inputPaths = (
				"${PODS_PODFILE_DIR_PATH}/Podfile.lock",
				"${PODS_ROOT}/Manifest.lock",
			);
			name = "[CP] Check Pods Manifest.lock";
			outputFileListPaths = (
			);
			outputPaths = (
				"$(DERIVED_FILE_DIR)/Pods-Prueba_Amaris-checkManifestLockResult.txt",
			);
			runOnlyForDeploymentPostprocessing = 0;
			shellPath = /bin/sh;
			shellScript = "diff \"${PODS_PODFILE_DIR_PATH}/Podfile.lock\" \"${PODS_ROOT}/Manifest.lock\" > /dev/null\nif [ $? != 0 ] ; then\n    # print error to STDERR\n    echo \"error: The sandbox is not in sync with the Podfile.lock. Run 'pod install' or update your CocoaPods installation.\" >&2\n    exit 1\nfi\n# This output is used by Xcode 'outputs' to avoid re-running this script phase.\necho \"SUCCESS\" > \"${SCRIPT_OUTPUT_FILE_0}\"\n";
			showEnvVarsInLog = 0;
		};
/* End PBXShellScriptBuildPhase section */

/* Begin PBXSourcesBuildPhase section */
		5247546A2A5B3D6900CBF5D6 /* Sources */ = {
			isa = PBXSourcesBuildPhase;
			buildActionMask = 2147483647;
			files = (
				52AB00892A5E4B8700CCF285 /* Ingredients.xcdatamodeld in Sources */,
				52AB007F2A5E153F00CCF285 /* RecipeStepsViewController.swift in Sources */,
				52AB00762A5C9B1F00CCF285 /* DataModel.swift in Sources */,
				52AB008E2A5E783700CCF285 /* RecipeStepsTableViewCell.swift in Sources */,
				52AB007A2A5CFB8E00CCF285 /* RecipeTableViewController.swift in Sources */,
				52AB008A2A5E4B8700CCF285 /* WTFD.xcdatamodeld in Sources */,
				524754762A5B3D6900CBF5D6 /* ViewController.swift in Sources */,
				52AB00812A5E153F00CCF285 /* SearchNutrientsViewController.swift in Sources */,
				52AB00902A5E783700CCF285 /* IngredientTableViewCell.swift in Sources */,
				52AB00782A5C9B5800CCF285 /* Recipe.swift in Sources */,
				524754722A5B3D6900CBF5D6 /* AppDelegate.swift in Sources */,
				52AB00802A5E153F00CCF285 /* SearchRecipeViewController.swift in Sources */,
				52AB00722A5C9AC600CCF285 /* SpoonacularApi.swift in Sources */,
				524754742A5B3D6900CBF5D6 /* SceneDelegate.swift in Sources */,
				52AB00742A5C9AE500CCF285 /* Spoonacular.swift in Sources */,
				52AB00842A5E49D300CCF285 /* Step.swift in Sources */,
				52AB008F2A5E783700CCF285 /* RecipeTableViewCell.swift in Sources */,
				52AB00822A5E153F00CCF285 /* NutrientsViewController.swift in Sources */,
			);
			runOnlyForDeploymentPostprocessing = 0;
		};
/* End PBXSourcesBuildPhase section */

/* Begin PBXVariantGroup section */
		524754772A5B3D6900CBF5D6 /* Main.storyboard */ = {
			isa = PBXVariantGroup;
			children = (
				524754782A5B3D6900CBF5D6 /* Base */,
			);
			name = Main.storyboard;
			sourceTree = "<group>";
		};
		5247547C2A5B3D6B00CBF5D6 /* LaunchScreen.storyboard */ = {
			isa = PBXVariantGroup;
			children = (
				5247547D2A5B3D6B00CBF5D6 /* Base */,
			);
			name = LaunchScreen.storyboard;
			sourceTree = "<group>";
		};
/* End PBXVariantGroup section */

/* Begin XCBuildConfiguration section */
		524754802A5B3D6B00CBF5D6 /* Debug */ = {
			isa = XCBuildConfiguration;
			buildSettings = {
				ALWAYS_SEARCH_USER_PATHS = NO;
				CLANG_ANALYZER_NONNULL = YES;
				CLANG_ANALYZER_NUMBER_OBJECT_CONVERSION = YES_AGGRESSIVE;
				CLANG_CXX_LANGUAGE_STANDARD = "gnu++20";
				CLANG_ENABLE_MODULES = YES;
				CLANG_ENABLE_OBJC_ARC = YES;
				CLANG_ENABLE_OBJC_WEAK = YES;
				CLANG_WARN_BLOCK_CAPTURE_AUTORELEASING = YES;
				CLANG_WARN_BOOL_CONVERSION = YES;
				CLANG_WARN_COMMA = YES;
				CLANG_WARN_CONSTANT_CONVERSION = YES;
				CLANG_WARN_DEPRECATED_OBJC_IMPLEMENTATIONS = YES;
				CLANG_WARN_DIRECT_OBJC_ISA_USAGE = YES_ERROR;
				CLANG_WARN_DOCUMENTATION_COMMENTS = YES;
				CLANG_WARN_EMPTY_BODY = YES;
				CLANG_WARN_ENUM_CONVERSION = YES;
				CLANG_WARN_INFINITE_RECURSION = YES;
				CLANG_WARN_INT_CONVERSION = YES;
				CLANG_WARN_NON_LITERAL_NULL_CONVERSION = YES;
				CLANG_WARN_OBJC_IMPLICIT_RETAIN_SELF = YES;
				CLANG_WARN_OBJC_LITERAL_CONVERSION = YES;
				CLANG_WARN_OBJC_ROOT_CLASS = YES_ERROR;
				CLANG_WARN_QUOTED_INCLUDE_IN_FRAMEWORK_HEADER = YES;
				CLANG_WARN_RANGE_LOOP_ANALYSIS = YES;
				CLANG_WARN_STRICT_PROTOTYPES = YES;
				CLANG_WARN_SUSPICIOUS_MOVE = YES;
				CLANG_WARN_UNGUARDED_AVAILABILITY = YES_AGGRESSIVE;
				CLANG_WARN_UNREACHABLE_CODE = YES;
				CLANG_WARN__DUPLICATE_METHOD_MATCH = YES;
				COPY_PHASE_STRIP = NO;
				DEBUG_INFORMATION_FORMAT = dwarf;
				ENABLE_STRICT_OBJC_MSGSEND = YES;
				ENABLE_TESTABILITY = YES;
				GCC_C_LANGUAGE_STANDARD = gnu11;
				GCC_DYNAMIC_NO_PIC = NO;
				GCC_NO_COMMON_BLOCKS = YES;
				GCC_OPTIMIZATION_LEVEL = 0;
				GCC_PREPROCESSOR_DEFINITIONS = (
					"DEBUG=1",
					"$(inherited)",
				);
				GCC_WARN_64_TO_32_BIT_CONVERSION = YES;
				GCC_WARN_ABOUT_RETURN_TYPE = YES_ERROR;
				GCC_WARN_UNDECLARED_SELECTOR = YES;
				GCC_WARN_UNINITIALIZED_AUTOS = YES_AGGRESSIVE;
				GCC_WARN_UNUSED_FUNCTION = YES;
				GCC_WARN_UNUSED_VARIABLE = YES;
				IPHONEOS_DEPLOYMENT_TARGET = 16.4;
				MTL_ENABLE_DEBUG_INFO = INCLUDE_SOURCE;
				MTL_FAST_MATH = YES;
				ONLY_ACTIVE_ARCH = YES;
				SDKROOT = iphoneos;
				SWIFT_ACTIVE_COMPILATION_CONDITIONS = DEBUG;
				SWIFT_OPTIMIZATION_LEVEL = "-Onone";
			};
			name = Debug;
		};
		524754812A5B3D6B00CBF5D6 /* Release */ = {
			isa = XCBuildConfiguration;
			buildSettings = {
				ALWAYS_SEARCH_USER_PATHS = NO;
				CLANG_ANALYZER_NONNULL = YES;
				CLANG_ANALYZER_NUMBER_OBJECT_CONVERSION = YES_AGGRESSIVE;
				CLANG_CXX_LANGUAGE_STANDARD = "gnu++20";
				CLANG_ENABLE_MODULES = YES;
				CLANG_ENABLE_OBJC_ARC = YES;
				CLANG_ENABLE_OBJC_WEAK = YES;
				CLANG_WARN_BLOCK_CAPTURE_AUTORELEASING = YES;
				CLANG_WARN_BOOL_CONVERSION = YES;
				CLANG_WARN_COMMA = YES;
				CLANG_WARN_CONSTANT_CONVERSION = YES;
				CLANG_WARN_DEPRECATED_OBJC_IMPLEMENTATIONS = YES;
				CLANG_WARN_DIRECT_OBJC_ISA_USAGE = YES_ERROR;
				CLANG_WARN_DOCUMENTATION_COMMENTS = YES;
				CLANG_WARN_EMPTY_BODY = YES;
				CLANG_WARN_ENUM_CONVERSION = YES;
				CLANG_WARN_INFINITE_RECURSION = YES;
				CLANG_WARN_INT_CONVERSION = YES;
				CLANG_WARN_NON_LITERAL_NULL_CONVERSION = YES;
				CLANG_WARN_OBJC_IMPLICIT_RETAIN_SELF = YES;
				CLANG_WARN_OBJC_LITERAL_CONVERSION = YES;
				CLANG_WARN_OBJC_ROOT_CLASS = YES_ERROR;
				CLANG_WARN_QUOTED_INCLUDE_IN_FRAMEWORK_HEADER = YES;
				CLANG_WARN_RANGE_LOOP_ANALYSIS = YES;
				CLANG_WARN_STRICT_PROTOTYPES = YES;
				CLANG_WARN_SUSPICIOUS_MOVE = YES;
				CLANG_WARN_UNGUARDED_AVAILABILITY = YES_AGGRESSIVE;
				CLANG_WARN_UNREACHABLE_CODE = YES;
				CLANG_WARN__DUPLICATE_METHOD_MATCH = YES;
				COPY_PHASE_STRIP = NO;
				DEBUG_INFORMATION_FORMAT = "dwarf-with-dsym";
				ENABLE_NS_ASSERTIONS = NO;
				ENABLE_STRICT_OBJC_MSGSEND = YES;
				GCC_C_LANGUAGE_STANDARD = gnu11;
				GCC_NO_COMMON_BLOCKS = YES;
				GCC_WARN_64_TO_32_BIT_CONVERSION = YES;
				GCC_WARN_ABOUT_RETURN_TYPE = YES_ERROR;
				GCC_WARN_UNDECLARED_SELECTOR = YES;
				GCC_WARN_UNINITIALIZED_AUTOS = YES_AGGRESSIVE;
				GCC_WARN_UNUSED_FUNCTION = YES;
				GCC_WARN_UNUSED_VARIABLE = YES;
				IPHONEOS_DEPLOYMENT_TARGET = 16.4;
				MTL_ENABLE_DEBUG_INFO = NO;
				MTL_FAST_MATH = YES;
				SDKROOT = iphoneos;
				SWIFT_COMPILATION_MODE = wholemodule;
				SWIFT_OPTIMIZATION_LEVEL = "-O";
				VALIDATE_PRODUCT = YES;
			};
			name = Release;
		};
		524754832A5B3D6B00CBF5D6 /* Debug */ = {
			isa = XCBuildConfiguration;
			baseConfigurationReference = 3D3055C356E1989094822D5E /* Pods-Prueba_Amaris.debug.xcconfig */;
			buildSettings = {
				ASSETCATALOG_COMPILER_APPICON_NAME = AppIcon;
				ASSETCATALOG_COMPILER_GLOBAL_ACCENT_COLOR_NAME = AccentColor;
				CODE_SIGN_STYLE = Automatic;
				CURRENT_PROJECT_VERSION = 1;
				DEVELOPMENT_TEAM = L8XWB23GLJ;
				GENERATE_INFOPLIST_FILE = YES;
				INFOPLIST_FILE = Prueba_Amaris/Info.plist;
				INFOPLIST_KEY_UIApplicationSupportsIndirectInputEvents = YES;
				INFOPLIST_KEY_UILaunchStoryboardName = LaunchScreen;
				INFOPLIST_KEY_UIMainStoryboardFile = Main;
				INFOPLIST_KEY_UISupportedInterfaceOrientations_iPad = "UIInterfaceOrientationPortrait UIInterfaceOrientationPortraitUpsideDown UIInterfaceOrientationLandscapeLeft UIInterfaceOrientationLandscapeRight";
				INFOPLIST_KEY_UISupportedInterfaceOrientations_iPhone = "UIInterfaceOrientationPortrait UIInterfaceOrientationLandscapeLeft UIInterfaceOrientationLandscapeRight";
				LD_RUNPATH_SEARCH_PATHS = (
					"$(inherited)",
					"@executable_path/Frameworks",
				);
				MARKETING_VERSION = 1.0;
				PRODUCT_BUNDLE_IDENTIFIER = "com.Wilson.Prueba-Amaris";
				PRODUCT_NAME = "$(TARGET_NAME)";
				SWIFT_EMIT_LOC_STRINGS = YES;
				SWIFT_VERSION = 5.0;
				TARGETED_DEVICE_FAMILY = "1,2";
			};
			name = Debug;
		};
		524754842A5B3D6B00CBF5D6 /* Release */ = {
			isa = XCBuildConfiguration;
			baseConfigurationReference = EC1BECC64ABB3D45AE1C46C7 /* Pods-Prueba_Amaris.release.xcconfig */;
			buildSettings = {
				ASSETCATALOG_COMPILER_APPICON_NAME = AppIcon;
				ASSETCATALOG_COMPILER_GLOBAL_ACCENT_COLOR_NAME = AccentColor;
				CODE_SIGN_STYLE = Automatic;
				CURRENT_PROJECT_VERSION = 1;
				DEVELOPMENT_TEAM = L8XWB23GLJ;
				GENERATE_INFOPLIST_FILE = YES;
				INFOPLIST_FILE = Prueba_Amaris/Info.plist;
				INFOPLIST_KEY_UIApplicationSupportsIndirectInputEvents = YES;
				INFOPLIST_KEY_UILaunchStoryboardName = LaunchScreen;
				INFOPLIST_KEY_UIMainStoryboardFile = Main;
				INFOPLIST_KEY_UISupportedInterfaceOrientations_iPad = "UIInterfaceOrientationPortrait UIInterfaceOrientationPortraitUpsideDown UIInterfaceOrientationLandscapeLeft UIInterfaceOrientationLandscapeRight";
				INFOPLIST_KEY_UISupportedInterfaceOrientations_iPhone = "UIInterfaceOrientationPortrait UIInterfaceOrientationLandscapeLeft UIInterfaceOrientationLandscapeRight";
				LD_RUNPATH_SEARCH_PATHS = (
					"$(inherited)",
					"@executable_path/Frameworks",
				);
				MARKETING_VERSION = 1.0;
				PRODUCT_BUNDLE_IDENTIFIER = "com.Wilson.Prueba-Amaris";
				PRODUCT_NAME = "$(TARGET_NAME)";
				SWIFT_EMIT_LOC_STRINGS = YES;
				SWIFT_VERSION = 5.0;
				TARGETED_DEVICE_FAMILY = "1,2";
			};
			name = Release;
		};
/* End XCBuildConfiguration section */

/* Begin XCConfigurationList section */
		524754692A5B3D6900CBF5D6 /* Build configuration list for PBXProject "Prueba_Amaris" */ = {
			isa = XCConfigurationList;
			buildConfigurations = (
				524754802A5B3D6B00CBF5D6 /* Debug */,
				524754812A5B3D6B00CBF5D6 /* Release */,
			);
			defaultConfigurationIsVisible = 0;
			defaultConfigurationName = Release;
		};
		524754822A5B3D6B00CBF5D6 /* Build configuration list for PBXNativeTarget "Prueba_Amaris" */ = {
			isa = XCConfigurationList;
			buildConfigurations = (
				524754832A5B3D6B00CBF5D6 /* Debug */,
				524754842A5B3D6B00CBF5D6 /* Release */,
			);
			defaultConfigurationIsVisible = 0;
			defaultConfigurationName = Release;
		};
/* End XCConfigurationList section */

/* Begin XCVersionGroup section */
		52AB00852A5E4B8600CCF285 /* Ingredients.xcdatamodeld */ = {
			isa = XCVersionGroup;
			children = (
				52AB00862A5E4B8600CCF285 /* Ingredients.xcdatamodel */,
			);
			currentVersion = 52AB00862A5E4B8600CCF285 /* Ingredients.xcdatamodel */;
			path = Ingredients.xcdatamodeld;
			sourceTree = "<group>";
			versionGroupType = wrapper.xcdatamodel;
		};
		52AB00872A5E4B8600CCF285 /* WTFD.xcdatamodeld */ = {
			isa = XCVersionGroup;
			children = (
				52AB00882A5E4B8600CCF285 /* WTFD.xcdatamodel */,
			);
			currentVersion = 52AB00882A5E4B8600CCF285 /* WTFD.xcdatamodel */;
			path = WTFD.xcdatamodeld;
			sourceTree = "<group>";
			versionGroupType = wrapper.xcdatamodel;
		};
/* End XCVersionGroup section */
	};
	rootObject = 524754662A5B3D6900CBF5D6 /* Project object */;
}
